// !$*UTF8*$!
{
	archiveVersion = 1;
	classes = {
	};
	objectVersion = 46;
	objects = {

/* Begin PBXBuildFile section */
		260135921D3F5CC1003A215C /* main.m in Sources */ = {isa = PBXBuildFile; fileRef = 260135911D3F5CC1003A215C /* main.m */; };
		260135951D3F5CC1003A215C /* AppDelegate.m in Sources */ = {isa = PBXBuildFile; fileRef = 260135941D3F5CC1003A215C /* AppDelegate.m */; };
		260135981D3F5CC1003A215C /* ViewController.m in Sources */ = {isa = PBXBuildFile; fileRef = 260135971D3F5CC1003A215C /* ViewController.m */; };
		2601359B1D3F5CC1003A215C /* Main.storyboard in Resources */ = {isa = PBXBuildFile; fileRef = 260135991D3F5CC1003A215C /* Main.storyboard */; };
		2601359D1D3F5CC1003A215C /* Assets.xcassets in Resources */ = {isa = PBXBuildFile; fileRef = 2601359C1D3F5CC1003A215C /* Assets.xcassets */; };
		260135A01D3F5CC1003A215C /* LaunchScreen.storyboard in Resources */ = {isa = PBXBuildFile; fileRef = 2601359E1D3F5CC1003A215C /* LaunchScreen.storyboard */; };
		260135AB1D3F5CC1003A215C /* tempUITests.m in Sources */ = {isa = PBXBuildFile; fileRef = 260135AA1D3F5CC1003A215C /* tempUITests.m */; };
/* End PBXBuildFile section */

/* Begin PBXContainerItemProxy section */
		260135A71D3F5CC1003A215C /* PBXContainerItemProxy */ = {
			isa = PBXContainerItemProxy;
			containerPortal = 260135851D3F5CC0003A215C /* Project object */;
			proxyType = 1;
			remoteGlobalIDString = 2601358C1D3F5CC1003A215C;
			remoteInfo = temp;
		};
/* End PBXContainerItemProxy section */

/* Begin PBXFileReference section */
		2601358D1D3F5CC1003A215C /* temp.app */ = {isa = PBXFileReference; explicitFileType = wrapper.application; includeInIndex = 0; path = temp.app; sourceTree = BUILT_PRODUCTS_DIR; };
		260135911D3F5CC1003A215C /* main.m */ = {isa = PBXFileReference; lastKnownFileType = sourcecode.c.objc; path = main.m; sourceTree = "<group>"; };
		260135931D3F5CC1003A215C /* AppDelegate.h */ = {isa = PBXFileReference; lastKnownFileType = sourcecode.c.h; path = AppDelegate.h; sourceTree = "<group>"; };
		260135941D3F5CC1003A215C /* AppDelegate.m */ = {isa = PBXFileReference; lastKnownFileType = sourcecode.c.objc; path = AppDelegate.m; sourceTree = "<group>"; };
		260135961D3F5CC1003A215C /* ViewController.h */ = {isa = PBXFileReference; lastKnownFileType = sourcecode.c.h; path = ViewController.h; sourceTree = "<group>"; };
		260135971D3F5CC1003A215C /* ViewController.m */ = {isa = PBXFileReference; lastKnownFileType = sourcecode.c.objc; path = ViewController.m; sourceTree = "<group>"; };
		2601359A1D3F5CC1003A215C /* Base */ = {isa = PBXFileReference; lastKnownFileType = file.storyboard; name = Base; path = Base.lproj/Main.storyboard; sourceTree = "<group>"; };
		2601359C1D3F5CC1003A215C /* Assets.xcassets */ = {isa = PBXFileReference; lastKnownFileType = folder.assetcatalog; path = Assets.xcassets; sourceTree = "<group>"; };
		2601359F1D3F5CC1003A215C /* Base */ = {isa = PBXFileReference; lastKnownFileType = file.storyboard; name = Base; path = Base.lproj/LaunchScreen.storyboard; sourceTree = "<group>"; };
		260135A11D3F5CC1003A215C /* Info.plist */ = {isa = PBXFileReference; lastKnownFileType = text.plist.xml; path = Info.plist; sourceTree = "<group>"; };
		260135A61D3F5CC1003A215C /* tempUITests.xctest */ = {isa = PBXFileReference; explicitFileType = wrapper.cfbundle; includeInIndex = 0; path = tempUITests.xctest; sourceTree = BUILT_PRODUCTS_DIR; };
		260135AA1D3F5CC1003A215C /* tempUITests.m */ = {isa = PBXFileReference; lastKnownFileType = sourcecode.c.objc; path = tempUITests.m; sourceTree = "<group>"; };
		260135AC1D3F5CC1003A215C /* Info.plist */ = {isa = PBXFileReference; lastKnownFileType = text.plist.xml; path = Info.plist; sourceTree = "<group>"; };
/* End PBXFileReference section */

/* Begin PBXFrameworksBuildPhase section */
		2601358A1D3F5CC1003A215C /* Frameworks */ = {
			isa = PBXFrameworksBuildPhase;
			buildActionMask = 2147483647;
			files = (
			);
			runOnlyForDeploymentPostprocessing = 0;
		};
		260135A31D3F5CC1003A215C /* Frameworks */ = {
			isa = PBXFrameworksBuildPhase;
			buildActionMask = 2147483647;
			files = (
			);
			runOnlyForDeploymentPostprocessing = 0;
		};
/* End PBXFrameworksBuildPhase section */

/* Begin PBXGroup section */
		260135841D3F5CC0003A215C = {
			isa = PBXGroup;
			children = (
				2601358F1D3F5CC1003A215C /* temp */,
				260135A91D3F5CC1003A215C /* tempUITests */,
				2601358E1D3F5CC1003A215C /* Products */,
			);
			sourceTree = "<group>";
		};
		2601358E1D3F5CC1003A215C /* Products */ = {
			isa = PBXGroup;
			children = (
				2601358D1D3F5CC1003A215C /* temp.app */,
				260135A61D3F5CC1003A215C /* tempUITests.xctest */,
			);
			name = Products;
			sourceTree = "<group>";
		};
		2601358F1D3F5CC1003A215C /* temp */ = {
			isa = PBXGroup;
			children = (
				260135931D3F5CC1003A215C /* AppDelegate.h */,
				260135941D3F5CC1003A215C /* AppDelegate.m */,
				260135961D3F5CC1003A215C /* ViewController.h */,
				260135971D3F5CC1003A215C /* ViewController.m */,
				260135991D3F5CC1003A215C /* Main.storyboard */,
				2601359C1D3F5CC1003A215C /* Assets.xcassets */,
				2601359E1D3F5CC1003A215C /* LaunchScreen.storyboard */,
				260135A11D3F5CC1003A215C /* Info.plist */,
				260135901D3F5CC1003A215C /* Supporting Files */,
			);
			path = temp;
			sourceTree = "<group>";
		};
		260135901D3F5CC1003A215C /* Supporting Files */ = {
			isa = PBXGroup;
			children = (
				260135911D3F5CC1003A215C /* main.m */,
			);
			name = "Supporting Files";
			sourceTree = "<group>";
		};
		260135A91D3F5CC1003A215C /* tempUITests */ = {
			isa = PBXGroup;
			children = (
				260135AA1D3F5CC1003A215C /* tempUITests.m */,
				260135AC1D3F5CC1003A215C /* Info.plist */,
			);
			path = tempUITests;
			sourceTree = "<group>";
		};
/* End PBXGroup section */

/* Begin PBXNativeTarget section */
		2601358C1D3F5CC1003A215C /* temp */ = {
			isa = PBXNativeTarget;
			buildConfigurationList = 260135AF1D3F5CC1003A215C /* Build configuration list for PBXNativeTarget "temp" */;
			buildPhases = (
				260135891D3F5CC1003A215C /* Sources */,
				2601358A1D3F5CC1003A215C /* Frameworks */,
				2601358B1D3F5CC1003A215C /* Resources */,
			);
			buildRules = (
			);
			dependencies = (
			);
			name = temp;
			productName = temp;
			productReference = 2601358D1D3F5CC1003A215C /* temp.app */;
			productType = "com.apple.product-type.application";
		};
		260135A51D3F5CC1003A215C /* tempUITests */ = {
			isa = PBXNativeTarget;
			buildConfigurationList = 260135B21D3F5CC1003A215C /* Build configuration list for PBXNativeTarget "tempUITests" */;
			buildPhases = (
				260135A21D3F5CC1003A215C /* Sources */,
				260135A31D3F5CC1003A215C /* Frameworks */,
				260135A41D3F5CC1003A215C /* Resources */,
			);
			buildRules = (
			);
			dependencies = (
				260135A81D3F5CC1003A215C /* PBXTargetDependency */,
			);
			name = tempUITests;
			productName = tempUITests;
			productReference = 260135A61D3F5CC1003A215C /* tempUITests.xctest */;
			productType = "com.apple.product-type.bundle.ui-testing";
		};
/* End PBXNativeTarget section */

/* Begin PBXProject section */
		260135851D3F5CC0003A215C /* Project object */ = {
			isa = PBXProject;
			attributes = {
				LastUpgradeCheck = 0730;
				ORGANIZATIONNAME = "郑东喜";
				TargetAttributes = {
					2601358C1D3F5CC1003A215C = {
						CreatedOnToolsVersion = 7.3.1;
					};
					260135A51D3F5CC1003A215C = {
						CreatedOnToolsVersion = 7.3.1;
						TestTargetID = 2601358C1D3F5CC1003A215C;
					};
				};
			};
			buildConfigurationList = 260135881D3F5CC0003A215C /* Build configuration list for PBXProject "temp" */;
			compatibilityVersion = "Xcode 3.2";
			developmentRegion = English;
			hasScannedForEncodings = 0;
			knownRegions = (
				en,
				Base,
			);
			mainGroup = 260135841D3F5CC0003A215C;
			productRefGroup = 2601358E1D3F5CC1003A215C /* Products */;
			projectDirPath = "";
			projectRoot = "";
			targets = (
				2601358C1D3F5CC1003A215C /* temp */,
				260135A51D3F5CC1003A215C /* tempUITests */,
			);
		};
/* End PBXProject section */

/* Begin PBXResourcesBuildPhase section */
		2601358B1D3F5CC1003A215C /* Resources */ = {
			isa = PBXResourcesBuildPhase;
			buildActionMask = 2147483647;
			files = (
				260135A01D3F5CC1003A215C /* LaunchScreen.storyboard in Resources */,
				2601359D1D3F5CC1003A215C /* Assets.xcassets in Resources */,
				2601359B1D3F5CC1003A215C /* Main.storyboard in Resources */,
			);
			runOnlyForDeploymentPostprocessing = 0;
		};
		260135A41D3F5CC1003A215C /* Resources */ = {
			isa = PBXResourcesBuildPhase;
			buildActionMask = 2147483647;
			files = (
			);
			runOnlyForDeploymentPostprocessing = 0;
		};
/* End PBXResourcesBuildPhase section */

/* Begin PBXSourcesBuildPhase section */
		260135891D3F5CC1003A215C /* Sources */ = {
			isa = PBXSourcesBuildPhase;
			buildActionMask = 2147483647;
			files = (
				260135981D3F5CC1003A215C /* ViewController.m in Sources */,
				260135951D3F5CC1003A215C /* AppDelegate.m in Sources */,
				260135921D3F5CC1003A215C /* main.m in Sources */,
			);
			runOnlyForDeploymentPostprocessing = 0;
		};
		260135A21D3F5CC1003A215C /* Sources */ = {
			isa = PBXSourcesBuildPhase;
			buildActionMask = 2147483647;
			files = (
				260135AB1D3F5CC1003A215C /* tempUITests.m in Sources */,
			);
			runOnlyForDeploymentPostprocessing = 0;
		};
/* End PBXSourcesBuildPhase section */

/* Begin PBXTargetDependency section */
		260135A81D3F5CC1003A215C /* PBXTargetDependency */ = {
			isa = PBXTargetDependency;
			target = 2601358C1D3F5CC1003A215C /* temp */;
			targetProxy = 260135A71D3F5CC1003A215C /* PBXContainerItemProxy */;
		};
/* End PBXTargetDependency section */

/* Begin PBXVariantGroup section */
		260135991D3F5CC1003A215C /* Main.storyboard */ = {
			isa = PBXVariantGroup;
			children = (
				2601359A1D3F5CC1003A215C /* Base */,
			);
			name = Main.storyboard;
			sourceTree = "<group>";
		};
		2601359E1D3F5CC1003A215C /* LaunchScreen.storyboard */ = {
			isa = PBXVariantGroup;
			children = (
				2601359F1D3F5CC1003A215C /* Base */,
			);
			name = LaunchScreen.storyboard;
			sourceTree = "<group>";
		};
/* End PBXVariantGroup section */

/* Begin XCBuildConfiguration section */
		260135AD1D3F5CC1003A215C /* Debug */ = {
			isa = XCBuildConfiguration;
			buildSettings = {
				ALWAYS_SEARCH_USER_PATHS = NO;
				CLANG_ANALYZER_NONNULL = YES;
				CLANG_CXX_LANGUAGE_STANDARD = "gnu++0x";
				CLANG_CXX_LIBRARY = "libc++";
				CLANG_ENABLE_MODULES = YES;
				CLANG_ENABLE_OBJC_ARC = YES;
				CLANG_WARN_BOOL_CONVERSION = YES;
				CLANG_WARN_CONSTANT_CONVERSION = YES;
				CLANG_WARN_DIRECT_OBJC_ISA_USAGE = YES_ERROR;
				CLANG_WARN_EMPTY_BODY = YES;
				CLANG_WARN_ENUM_CONVERSION = YES;
				CLANG_WARN_INT_CONVERSION = YES;
				CLANG_WARN_OBJC_ROOT_CLASS = YES_ERROR;
				CLANG_WARN_UNREACHABLE_CODE = YES;
				CLANG_WARN__DUPLICATE_METHOD_MATCH = YES;
				"CODE_SIGN_IDENTITY[sdk=iphoneos*]" = "iPhone Developer";
				COPY_PHASE_STRIP = NO;
				DEBUG_INFORMATION_FORMAT = dwarf;
				ENABLE_STRICT_OBJC_MSGSEND = YES;
				ENABLE_TESTABILITY = YES;
				GCC_C_LANGUAGE_STANDARD = gnu99;
				GCC_DYNAMIC_NO_PIC = NO;
				GCC_NO_COMMON_BLOCKS = YES;
				GCC_OPTIMIZATION_LEVEL = 0;
				GCC_PREPROCESSOR_DEFINITIONS = (
					"DEBUG=1",
					"$(inherited)",
				);
				GCC_WARN_64_TO_32_BIT_CONVERSION = YES;
				GCC_WARN_ABOUT_RETURN_TYPE = YES_ERROR;
				GCC_WARN_UNDECLARED_SELECTOR = YES;
				GCC_WARN_UNINITIALIZED_AUTOS = YES_AGGRESSIVE;
				GCC_WARN_UNUSED_FUNCTION = YES;
				GCC_WARN_UNUSED_VARIABLE = YES;
				IPHONEOS_DEPLOYMENT_TARGET = 9.3;
				MTL_ENABLE_DEBUG_INFO = YES;
				ONLY_ACTIVE_ARCH = YES;
				SDKROOT = iphoneos;
				TARGETED_DEVICE_FAMILY = "1,2";
			};
			name = Debug;
		};
		260135AE1D3F5CC1003A215C /* Release */ = {
			isa = XCBuildConfiguration;
			buildSettings = {
				ALWAYS_SEARCH_USER_PATHS = NO;
				CLANG_ANALYZER_NONNULL = YES;
				CLANG_CXX_LANGUAGE_STANDARD = "gnu++0x";
				CLANG_CXX_LIBRARY = "libc++";
				CLANG_ENABLE_MODULES = YES;
				CLANG_ENABLE_OBJC_ARC = YES;
				CLANG_WARN_BOOL_CONVERSION = YES;
				CLANG_WARN_CONSTANT_CONVERSION = YES;
				CLANG_WARN_DIRECT_OBJC_ISA_USAGE = YES_ERROR;
				CLANG_WARN_EMPTY_BODY = YES;
				CLANG_WARN_ENUM_CONVERSION = YES;
				CLANG_WARN_INT_CONVERSION = YES;
				CLANG_WARN_OBJC_ROOT_CLASS = YES_ERROR;
				CLANG_WARN_UNREACHABLE_CODE = YES;
				CLANG_WARN__DUPLICATE_METHOD_MATCH = YES;
				"CODE_SIGN_IDENTITY[sdk=iphoneos*]" = "iPhone Developer";
				COPY_PHASE_STRIP = NO;
				DEBUG_INFORMATION_FORMAT = "dwarf-with-dsym";
				ENABLE_NS_ASSERTIONS = NO;
				ENABLE_STRICT_OBJC_MSGSEND = YES;
				GCC_C_LANGUAGE_STANDARD = gnu99;
				GCC_NO_COMMON_BLOCKS = YES;
				GCC_WARN_64_TO_32_BIT_CONVERSION = YES;
				GCC_WARN_ABOUT_RETURN_TYPE = YES_ERROR;
				GCC_WARN_UNDECLARED_SELECTOR = YES;
				GCC_WARN_UNINITIALIZED_AUTOS = YES_AGGRESSIVE;
				GCC_WARN_UNUSED_FUNCTION = YES;
				GCC_WARN_UNUSED_VARIABLE = YES;
				IPHONEOS_DEPLOYMENT_TARGET = 9.3;
				MTL_ENABLE_DEBUG_INFO = NO;
				SDKROOT = iphoneos;
				TARGETED_DEVICE_FAMILY = "1,2";
				VALIDATE_PRODUCT = YES;
			};
			name = Release;
		};
		260135B01D3F5CC1003A215C /* Debug */ = {
			isa = XCBuildConfiguration;
			buildSettings = {
				ASSETCATALOG_COMPILER_APPICON_NAME = AppIcon;
				INFOPLIST_FILE = temp/Info.plist;
				LD_RUNPATH_SEARCH_PATHS = "$(inherited) @executable_path/Frameworks";
				PRODUCT_BUNDLE_IDENTIFIER = com.zdx.temp;
				PRODUCT_NAME = "$(TARGET_NAME)";
			};
			name = Debug;
		};
		260135B11D3F5CC1003A215C /* Release */ = {
			isa = XCBuildConfiguration;
			buildSettings = {
				ASSETCATALOG_COMPILER_APPICON_NAME = AppIcon;
				INFOPLIST_FILE = temp/Info.plist;
				LD_RUNPATH_SEARCH_PATHS = "$(inherited) @executable_path/Frameworks";
				PRODUCT_BUNDLE_IDENTIFIER = com.zdx.temp;
				PRODUCT_NAME = "$(TARGET_NAME)";
			};
			name = Release;
		};
		260135B31D3F5CC1003A215C /* Debug */ = {
			isa = XCBuildConfiguration;
			buildSettings = {
				INFOPLIST_FILE = tempUITests/Info.plist;
				LD_RUNPATH_SEARCH_PATHS = "$(inherited) @executable_path/Frameworks @loader_path/Frameworks";
				PRODUCT_BUNDLE_IDENTIFIER = com.zdx.tempUITests;
				PRODUCT_NAME = "$(TARGET_NAME)";
				TEST_TARGET_NAME = temp;
			};
			name = Debug;
		};
		260135B41D3F5CC1003A215C /* Release */ = {
			isa = XCBuildConfiguration;
			buildSettings = {
				INFOPLIST_FILE = tempUITests/Info.plist;
				LD_RUNPATH_SEARCH_PATHS = "$(inherited) @executable_path/Frameworks @loader_path/Frameworks";
				PRODUCT_BUNDLE_IDENTIFIER = com.zdx.tempUITests;
				PRODUCT_NAME = "$(TARGET_NAME)";
				TEST_TARGET_NAME = temp;
			};
			name = Release;
		};
/* End XCBuildConfiguration section */

/* Begin XCConfigurationList section */
		260135881D3F5CC0003A215C /* Build configuration list for PBXProject "temp" */ = {
			isa = XCConfigurationList;
			buildConfigurations = (
				260135AD1D3F5CC1003A215C /* Debug */,
				260135AE1D3F5CC1003A215C /* Release */,
			);
			defaultConfigurationIsVisible = 0;
			defaultConfigurationName = Release;
		};
		260135AF1D3F5CC1003A215C /* Build configuration list for PBXNativeTarget "temp" */ = {
			isa = XCConfigurationList;
			buildConfigurations = (
				260135B01D3F5CC1003A215C /* Debug */,
				260135B11D3F5CC1003A215C /* Release */,
			);
			defaultConfigurationIsVisible = 0;
		};
		260135B21D3F5CC1003A215C /* Build configuration list for PBXNativeTarget "tempUITests" */ = {
			isa = XCConfigurationList;
			buildConfigurations = (
				260135B31D3F5CC1003A215C /* Debug */,
				260135B41D3F5CC1003A215C /* Release */,
			);
			defaultConfigurationIsVisible = 0;
		};
/* End XCConfigurationList section */
	};
	rootObject = 260135851D3F5CC0003A215C /* Project object */;
}
